
Microsoft Visual Studio Solution File, Format Version 12.00
# Visual Studio Version 16
VisualStudioVersion = 16.0.32002.261
MinimumVisualStudioVersion = 10.0.40219.1
Project("{8BC9CEB8-8B4A-11D0-8D11-00A0C91BC942}") = "CameraModeUndo", "CameraModeUndo\CameraModeUndo.vcxproj", "{765786C6-AB9C-432B-AF73-C122A3D5CCD0}"
EndProject
Project("{911E67C6-3D85-4FCE-B560-20A9C3E3FF48}") = "MikuMikuDance", "D:\MMD\MikuMikuDance_v931x64\MikuMikuDance.exe", "{EA89FFE5-5742-4907-8BAC-7BC82428547B}"
	ProjectSection(DebuggerProjectSystem) = preProject
		PortSupplier = 00000000-0000-0000-0000-000000000000
		Executable = D:\MMD\MikuMikuDance_v931x64\MikuMikuDance.exe
		RemoteMachine = T45157DR-PC
		StartingDirectory = D:\MMD\MikuMikuDance_v931x64
		Environment = 既定
		LaunchingEngine = 00000000-0000-0000-0000-000000000000
		UseLegacyDebugEngines = No
		LaunchSQLEngine = No
		AttachLaunchAction = No
		IORedirection = Auto
	EndProjectSection
EndProject
Project("{8BC9CEB8-8B4A-11D0-8D11-00A0C91BC942}") = "DispPlayingFrame", "DispPlayingFrame\DispPlayingFrame.vcxproj", "{CD53A5BB-422A-4A94-A803-FE78CBB82632}"
EndProject
Project("{8BC9CEB8-8B4A-11D0-8D11-00A0C91BC942}") = "SetCameraFollowBone", "SetCameraFollowBone\SetCameraFollowBone.vcxproj", "{794E8955-E6F0-4923-8621-01C0FDA25BCA}"
EndProject
Project("{8BC9CEB8-8B4A-11D0-8D11-00A0C91BC942}") = "Common", "Common\Common.vcxitems", "{45D41ACC-2C3C-43D2-BC10-02AA73FFC7C7}"
EndProject
Project("{8BC9CEB8-8B4A-11D0-8D11-00A0C91BC942}") = "SwapOutsideParent", "SwapOutsideParent\SwapOutsideParent.vcxproj", "{B650B635-B11B-4D9D-A2F6-17C00F6853D1}"
EndProject
Project("{8BC9CEB8-8B4A-11D0-8D11-00A0C91BC942}") = "OutsideParentReaderWriter", "OutsideParentReaderWriter\OutsideParentReaderWriter.vcxproj", "{B2C6E864-AEB6-43C7-A56B-39AFA447ECB3}"
EndProject
Global
	GlobalSection(SolutionConfigurationPlatforms) = preSolution
		Debug|x64 = Debug|x64
		Release|x64 = Release|x64
	EndGlobalSection
	GlobalSection(ProjectConfigurationPlatforms) = postSolution
		{765786C6-AB9C-432B-AF73-C122A3D5CCD0}.Debug|x64.ActiveCfg = Debug|x64
		{765786C6-AB9C-432B-AF73-C122A3D5CCD0}.Debug|x64.Build.0 = Debug|x64
		{765786C6-AB9C-432B-AF73-C122A3D5CCD0}.Release|x64.ActiveCfg = Release|x64
		{765786C6-AB9C-432B-AF73-C122A3D5CCD0}.Release|x64.Build.0 = Release|x64
		{EA89FFE5-5742-4907-8BAC-7BC82428547B}.Debug|x64.ActiveCfg = Release|x64
		{EA89FFE5-5742-4907-8BAC-7BC82428547B}.Release|x64.ActiveCfg = Release|x64
		{CD53A5BB-422A-4A94-A803-FE78CBB82632}.Debug|x64.ActiveCfg = Debug|x64
		{CD53A5BB-422A-4A94-A803-FE78CBB82632}.Debug|x64.Build.0 = Debug|x64
		{CD53A5BB-422A-4A94-A803-FE78CBB82632}.Release|x64.ActiveCfg = Release|x64
		{CD53A5BB-422A-4A94-A803-FE78CBB82632}.Release|x64.Build.0 = Release|x64
		{794E8955-E6F0-4923-8621-01C0FDA25BCA}.Debug|x64.ActiveCfg = Debug|x64
		{794E8955-E6F0-4923-8621-01C0FDA25BCA}.Debug|x64.Build.0 = Debug|x64
		{794E8955-E6F0-4923-8621-01C0FDA25BCA}.Release|x64.ActiveCfg = Release|x64
		{794E8955-E6F0-4923-8621-01C0FDA25BCA}.Release|x64.Build.0 = Release|x64
		{B650B635-B11B-4D9D-A2F6-17C00F6853D1}.Debug|x64.ActiveCfg = Debug|x64
		{B650B635-B11B-4D9D-A2F6-17C00F6853D1}.Debug|x64.Build.0 = Debug|x64
		{B650B635-B11B-4D9D-A2F6-17C00F6853D1}.Release|x64.ActiveCfg = Release|x64
		{B650B635-B11B-4D9D-A2F6-17C00F6853D1}.Release|x64.Build.0 = Release|x64
		{B2C6E864-AEB6-43C7-A56B-39AFA447ECB3}.Debug|x64.ActiveCfg = Debug|x64
		{B2C6E864-AEB6-43C7-A56B-39AFA447ECB3}.Debug|x64.Build.0 = Debug|x64
		{B2C6E864-AEB6-43C7-A56B-39AFA447ECB3}.Release|x64.ActiveCfg = Release|x64
		{B2C6E864-AEB6-43C7-A56B-39AFA447ECB3}.Release|x64.Build.0 = Release|x64
	EndGlobalSection
	GlobalSection(SolutionProperties) = preSolution
		HideSolutionNode = FALSE
	EndGlobalSection
	GlobalSection(ExtensibilityGlobals) = postSolution
		SolutionGuid = {989DC28C-626F-4AED-8875-870D7BEAC546}
	EndGlobalSection
EndGlobal
